<?xml version="1.0" encoding="utf-8"?>
<Project ToolsVersion="4.0" xmlns="http://schemas.microsoft.com/developer/msbuild/2003">
  <ItemGroup>
    <Filter Include="Source Files">
      <UniqueIdentifier>{4FC737F1-C7A5-4376-A066-2A32D752A2FF}</UniqueIdentifier>
      <Extensions>cpp;c;cc;cxx;def;odl;idl;hpj;bat;asm;asmx</Extensions>
    </Filter>
    <Filter Include="Header Files">
      <UniqueIdentifier>{93995380-89BD-4b04-88EB-625FBE52EBFB}</UniqueIdentifier>
      <Extensions>h;hpp;hxx;hm;inl;inc;xsd</Extensions>
    </Filter>
    <Filter Include="Resource Files">
      <UniqueIdentifier>{67DA6AB6-F800-4c08-8B7A-83BB121AAD01}</UniqueIdentifier>
      <Extensions>rc;ico;cur;bmp;dlg;rc2;rct;bin;rgs;gif;jpg;jpeg;jpe;resx;tiff;tif;png;wav;mfcribbon-ms</Extensions>
    </Filter>
  </ItemGroup>
  <ItemGroup>
    <None Include="ClassDiagram.cd" />
  </ItemGroup>
  <ItemGroup>
    <ClCompile Include="Parser\Parser.cpp">
      <Filter>Source Files</Filter>
    </ClCompile>
    <ClCompile Include="Parser\Token.cpp">
      <Filter>Source Files</Filter>
    </ClCompile>
    <ClCompile Include="PKB\AssignStatement.cpp">
      <Filter>Source Files</Filter>
    </ClCompile>
    <ClCompile Include="PKB\Expression.cpp">
      <Filter>Source Files</Filter>
    </ClCompile>
    <ClCompile Include="PKB\PKB.cpp">
      <Filter>Source Files</Filter>
    </ClCompile>
    <ClCompile Include="PKB\Procedure.cpp">
      <Filter>Source Files</Filter>
    </ClCompile>
    <ClCompile Include="PKB\Statement.cpp">
      <Filter>Source Files</Filter>
    </ClCompile>
    <ClCompile Include="PKB\StatementContainer.cpp">
      <Filter>Source Files</Filter>
    </ClCompile>
    <ClCompile Include="PKB\StatementList.cpp">
      <Filter>Source Files</Filter>
    </ClCompile>
    <ClCompile Include="PKB\Variable.cpp">
      <Filter>Source Files</Filter>
    </ClCompile>
    <ClCompile Include="PKB\WhileStatement.cpp">
      <Filter>Source Files</Filter>
    </ClCompile>
    <ClCompile Include="QPS\QueryEvaluator.cpp">
      <Filter>Source Files</Filter>
    </ClCompile>
    <ClCompile Include="QPS\QueryResultProjector.cpp">
      <Filter>Source Files</Filter>
    </ClCompile>
    <ClCompile Include="QPS\Result.cpp">
      <Filter>Source Files</Filter>
    </ClCompile>
    <ClCompile Include="DesignExtractor.cpp">
      <Filter>Source Files</Filter>
    </ClCompile>
    <ClCompile Include="QPS\ParameterNode.cpp">
      <Filter>Source Files</Filter>
    </ClCompile>
    <ClCompile Include="QPS\PatternNode.cpp">
      <Filter>Source Files</Filter>
    </ClCompile>
    <ClCompile Include="QPS\QueryNode.cpp">
      <Filter>Source Files</Filter>
    </ClCompile>
    <ClCompile Include="QPS\QueryParser.cpp">
      <Filter>Source Files</Filter>
    </ClCompile>
    <ClCompile Include="QPS\QueryTree.cpp">
      <Filter>Source Files</Filter>
    </ClCompile>
    <ClCompile Include="QPS\Synonyms.cpp">
      <Filter>Source Files</Filter>
    </ClCompile>
    <ClCompile Include="QPS\SyntaticData.cpp">
      <Filter>Source Files</Filter>
    </ClCompile>
    <ClCompile Include="PKB\Node.cpp">
      <Filter>Source Files</Filter>
    </ClCompile>
    <ClCompile Include="PKB\LeafNode.cpp">
      <Filter>Source Files</Filter>
    </ClCompile>
    <ClCompile Include="PKB\BopNode.cpp">
      <Filter>Source Files</Filter>
    </ClCompile>
    <ClCompile Include="Parser\VarToken.cpp">
      <Filter>Source Files</Filter>
    </ClCompile>
    <ClCompile Include="Parser\OperatorToken.cpp">
      <Filter>Source Files</Filter>
    </ClCompile>
    <ClCompile Include="Parser\NumToken.cpp">
      <Filter>Source Files</Filter>
    </ClCompile>
  </ItemGroup>
  <ItemGroup>
    <ClInclude Include="Parser\Parser.h">
      <Filter>Header Files</Filter>
    </ClInclude>
    <ClInclude Include="Parser\Token.h">
      <Filter>Header Files</Filter>
    </ClInclude>
    <ClInclude Include="PKB\AssignStatement.h">
      <Filter>Header Files</Filter>
    </ClInclude>
    <ClInclude Include="PKB\Expression.h">
      <Filter>Header Files</Filter>
    </ClInclude>
    <ClInclude Include="PKB\PKB.h">
      <Filter>Header Files</Filter>
    </ClInclude>
    <ClInclude Include="PKB\Procedure.h">
      <Filter>Header Files</Filter>
    </ClInclude>
    <ClInclude Include="PKB\Statement.h">
      <Filter>Header Files</Filter>
    </ClInclude>
    <ClInclude Include="PKB\StatementContainer.h">
      <Filter>Header Files</Filter>
    </ClInclude>
    <ClInclude Include="PKB\StatementList.h">
      <Filter>Header Files</Filter>
    </ClInclude>
    <ClInclude Include="PKB\Variable.h">
      <Filter>Header Files</Filter>
    </ClInclude>
    <ClInclude Include="PKB\WhileStatement.h">
      <Filter>Header Files</Filter>
    </ClInclude>
    <ClInclude Include="QPS\QueryEvaluator.h">
      <Filter>Header Files</Filter>
    </ClInclude>
    <ClInclude Include="QPS\QueryResultProjector.h">
      <Filter>Header Files</Filter>
    </ClInclude>
    <ClInclude Include="QPS\Result.h">
      <Filter>Header Files</Filter>
    </ClInclude>
    <ClInclude Include="QPS\ParameterNode.h">
      <Filter>Header Files</Filter>
    </ClInclude>
    <ClInclude Include="QPS\PatternNode.h">
      <Filter>Header Files</Filter>
    </ClInclude>
    <ClInclude Include="QPS\QueryNode.h">
      <Filter>Header Files</Filter>
    </ClInclude>
    <ClInclude Include="QPS\QueryObject.h">
      <Filter>Header Files</Filter>
    </ClInclude>
    <ClInclude Include="QPS\QueryParser.h">
      <Filter>Header Files</Filter>
    </ClInclude>
    <ClInclude Include="QPS\QueryTree.h">
      <Filter>Header Files</Filter>
    </ClInclude>
    <ClInclude Include="QPS\Synonyms.h">
      <Filter>Header Files</Filter>
    </ClInclude>
    <ClInclude Include="QPS\SyntaticData.h">
      <Filter>Header Files</Filter>
    </ClInclude>
    <ClInclude Include="QPS\SyntaticType.h">
      <Filter>Header Files</Filter>
    </ClInclude>
    <ClInclude Include="PKB\Node.h">
      <Filter>Header Files</Filter>
    </ClInclude>
    <ClInclude Include="PKB\LeafNode.h">
      <Filter>Header Files</Filter>
    </ClInclude>
    <ClInclude Include="PKB\BopNode.h">
      <Filter>Header Files</Filter>
    </ClInclude>
    <ClInclude Include="Parser\VarToken.h">
      <Filter>Header Files</Filter>
    </ClInclude>
    <ClInclude Include="Parser\OperatorToken.h">
      <Filter>Header Files</Filter>
    </ClInclude>
    <ClInclude Include="Parser\NumToken.h">
      <Filter>Header Files</Filter>
    </ClInclude>
  </ItemGroup>
</Project>